
Microsoft Visual Studio Solution File, Format Version 12.00
# Visual Studio 2012
Project("{FAE04EC0-301F-11D3-BF4B-00C04F79EFBC}") = "ObjectPractice", "ObjectPractice\ObjectPractice.csproj", "{512BCAF5-D64B-4559-8013-706096DFBF64}"
EndProject
Global
	GlobalSection(SolutionConfigurationPlatforms) = preSolution
		Debug|Any CPU = Debug|Any CPU
		Release|Any CPU = Release|Any CPU
	EndGlobalSection
	GlobalSection(ProjectConfigurationPlatforms) = postSolution
		{512BCAF5-D64B-4559-8013-706096DFBF64}.Debug|Any CPU.ActiveCfg = Debug|Any CPU
		{512BCAF5-D64B-4559-8013-706096DFBF64}.Debug|Any CPU.Build.0 = Debug|Any CPU
		{512BCAF5-D64B-4559-8013-706096DFBF64}.Release|Any CPU.ActiveCfg = Release|Any CPU
		{512BCAF5-D64B-4559-8013-706096DFBF64}.Release|Any CPU.Build.0 = Release|Any CPU
	EndGlobalSection
	GlobalSection(SolutionProperties) = preSolution
		HideSolutionNode = FALSE
	EndGlobalSection
EndGlobal
