
Microsoft Visual Studio Solution File, Format Version 12.00
# Visual Studio 2012
Project("{FAE04EC0-301F-11D3-BF4B-00C04F79EFBC}") = "1stGameOnVS", "1stGameOnVS\1stGameOnVS\1stGameOnVS.csproj", "{BCEC31FE-1819-41D3-BAB0-25DDFABA9EFE}"
EndProject
Project("{96E2B04D-8817-42C6-938A-82C39BA4D311}") = "1stGameOnVSContent", "1stGameOnVS\1stGameOnVSContent\1stGameOnVSContent.contentproj", "{9DD8BD9B-5F68-406B-A3E1-8225C33D91B1}"
EndProject
Global
	GlobalSection(SolutionConfigurationPlatforms) = preSolution
		Debug|x86 = Debug|x86
		Release|x86 = Release|x86
	EndGlobalSection
	GlobalSection(ProjectConfigurationPlatforms) = postSolution
		{BCEC31FE-1819-41D3-BAB0-25DDFABA9EFE}.Debug|x86.ActiveCfg = Debug|x86
		{BCEC31FE-1819-41D3-BAB0-25DDFABA9EFE}.Debug|x86.Build.0 = Debug|x86
		{BCEC31FE-1819-41D3-BAB0-25DDFABA9EFE}.Release|x86.ActiveCfg = Release|x86
		{BCEC31FE-1819-41D3-BAB0-25DDFABA9EFE}.Release|x86.Build.0 = Release|x86
		{9DD8BD9B-5F68-406B-A3E1-8225C33D91B1}.Debug|x86.ActiveCfg = Debug|x86
		{9DD8BD9B-5F68-406B-A3E1-8225C33D91B1}.Release|x86.ActiveCfg = Release|x86
	EndGlobalSection
	GlobalSection(SolutionProperties) = preSolution
		HideSolutionNode = FALSE
	EndGlobalSection
EndGlobal
